
Microsoft Visual Studio Solution File, Format Version 12.00
# Visual Studio Version 16
VisualStudioVersion = 16.0.30503.244
MinimumVisualStudioVersion = 10.0.40219.1
Project("{9A19103F-16F7-4668-BE54-9A1E7A4F7556}") = "Producer", "Producer\Producer.csproj", "{160E7B1E-2E07-4423-8137-173D4C82D0A1}"
EndProject
Project("{9A19103F-16F7-4668-BE54-9A1E7A4F7556}") = "Consumer", "Consumer\Consumer.csproj", "{9F4680A8-4B71-4010-8594-E722E7297A1C}"
EndProject
Project("{2150E333-8FDC-42A3-9474-1A3956D46DE8}") = "Microservices", "Microservices", "{ED30F120-81F8-4F30-AAE7-1741293F8E80}"
EndProject
Project("{2150E333-8FDC-42A3-9474-1A3956D46DE8}") = "Infra.Bus", "Infra.Bus", "{5D4E0CE7-642F-4795-86D2-BB6588C987BF}"
EndProject
Project("{2150E333-8FDC-42A3-9474-1A3956D46DE8}") = "Infra.IoC", "Infra.IoC", "{F59EC71F-EF06-41C7-9666-92AB2A0FBCA3}"
EndProject
Project("{2150E333-8FDC-42A3-9474-1A3956D46DE8}") = "Presentation", "Presentation", "{F816C8DC-4222-48F2-8589-A3DA8DAB47AE}"
EndProject
Project("{2150E333-8FDC-42A3-9474-1A3956D46DE8}") = "Domain", "Domain", "{B6ED8F50-6B40-46A3-8BCB-EDBE4BB0108E}"
EndProject
Project("{9A19103F-16F7-4668-BE54-9A1E7A4F7556}") = "MicroRabbit.Domain.Core", "MicroRabbit.Domain.Core\MicroRabbit.Domain.Core.csproj", "{7E27A43B-FA74-40E8-A215-90BDE8EE0B15}"
EndProject
Project("{FAE04EC0-301F-11D3-BF4B-00C04F79EFBC}") = "MicroRabbit.Infra.Bus", "MicroRabbit.Infra.Bus\MicroRabbit.Infra.Bus.csproj", "{370278BB-EDCD-470F-A694-7CD0154B7353}"
EndProject
Global
	GlobalSection(SolutionConfigurationPlatforms) = preSolution
		Debug|Any CPU = Debug|Any CPU
		Release|Any CPU = Release|Any CPU
	EndGlobalSection
	GlobalSection(ProjectConfigurationPlatforms) = postSolution
		{160E7B1E-2E07-4423-8137-173D4C82D0A1}.Debug|Any CPU.ActiveCfg = Debug|Any CPU
		{160E7B1E-2E07-4423-8137-173D4C82D0A1}.Debug|Any CPU.Build.0 = Debug|Any CPU
		{160E7B1E-2E07-4423-8137-173D4C82D0A1}.Release|Any CPU.ActiveCfg = Release|Any CPU
		{160E7B1E-2E07-4423-8137-173D4C82D0A1}.Release|Any CPU.Build.0 = Release|Any CPU
		{9F4680A8-4B71-4010-8594-E722E7297A1C}.Debug|Any CPU.ActiveCfg = Debug|Any CPU
		{9F4680A8-4B71-4010-8594-E722E7297A1C}.Debug|Any CPU.Build.0 = Debug|Any CPU
		{9F4680A8-4B71-4010-8594-E722E7297A1C}.Release|Any CPU.ActiveCfg = Release|Any CPU
		{9F4680A8-4B71-4010-8594-E722E7297A1C}.Release|Any CPU.Build.0 = Release|Any CPU
		{7E27A43B-FA74-40E8-A215-90BDE8EE0B15}.Debug|Any CPU.ActiveCfg = Debug|Any CPU
		{7E27A43B-FA74-40E8-A215-90BDE8EE0B15}.Debug|Any CPU.Build.0 = Debug|Any CPU
		{7E27A43B-FA74-40E8-A215-90BDE8EE0B15}.Release|Any CPU.ActiveCfg = Release|Any CPU
		{7E27A43B-FA74-40E8-A215-90BDE8EE0B15}.Release|Any CPU.Build.0 = Release|Any CPU
		{370278BB-EDCD-470F-A694-7CD0154B7353}.Debug|Any CPU.ActiveCfg = Debug|Any CPU
		{370278BB-EDCD-470F-A694-7CD0154B7353}.Debug|Any CPU.Build.0 = Debug|Any CPU
		{370278BB-EDCD-470F-A694-7CD0154B7353}.Release|Any CPU.ActiveCfg = Release|Any CPU
		{370278BB-EDCD-470F-A694-7CD0154B7353}.Release|Any CPU.Build.0 = Release|Any CPU
	EndGlobalSection
	GlobalSection(SolutionProperties) = preSolution
		HideSolutionNode = FALSE
	EndGlobalSection
	GlobalSection(NestedProjects) = preSolution
		{7E27A43B-FA74-40E8-A215-90BDE8EE0B15} = {B6ED8F50-6B40-46A3-8BCB-EDBE4BB0108E}
		{370278BB-EDCD-470F-A694-7CD0154B7353} = {5D4E0CE7-642F-4795-86D2-BB6588C987BF}
	EndGlobalSection
	GlobalSection(ExtensibilityGlobals) = postSolution
		SolutionGuid = {F9ABF69F-CBFB-4A67-B876-7EFD0C148CC6}
	EndGlobalSection
EndGlobal
